// !$*UTF8*$!
{
	archiveVersion = 1;
	classes = {
	};
	objectVersion = 50;
	objects = {

/* Begin PBXBuildFile section */
		327F487226D9D426004EE48D /* AppDelegate.swift in Sources */ = {isa = PBXBuildFile; fileRef = 327F487126D9D426004EE48D /* AppDelegate.swift */; };
		327F487426D9D426004EE48D /* SceneDelegate.swift in Sources */ = {isa = PBXBuildFile; fileRef = 327F487326D9D426004EE48D /* SceneDelegate.swift */; };
		327F487B26D9D428004EE48D /* Assets.xcassets in Resources */ = {isa = PBXBuildFile; fileRef = 327F487A26D9D428004EE48D /* Assets.xcassets */; };
		327F487E26D9D428004EE48D /* LaunchScreen.storyboard in Resources */ = {isa = PBXBuildFile; fileRef = 327F487C26D9D428004EE48D /* LaunchScreen.storyboard */; };
		327F493326DF76D2004EE48D /* MainTabController.swift in Sources */ = {isa = PBXBuildFile; fileRef = 327F493226DF76D2004EE48D /* MainTabController.swift */; };
		327F493926DF7FA7004EE48D /* MessageListViewController.swift in Sources */ = {isa = PBXBuildFile; fileRef = 327F493826DF7FA7004EE48D /* MessageListViewController.swift */; };
		327F493B26DF7FAF004EE48D /* AnoMessageViewController.swift in Sources */ = {isa = PBXBuildFile; fileRef = 327F493A26DF7FAF004EE48D /* AnoMessageViewController.swift */; };
		327F493D26DF7FBB004EE48D /* ProfileViewController.swift in Sources */ = {isa = PBXBuildFile; fileRef = 327F493C26DF7FBB004EE48D /* ProfileViewController.swift */; };
		327F494926DFA90A004EE48D /* MessageListView.swift in Sources */ = {isa = PBXBuildFile; fileRef = 327F494826DFA90A004EE48D /* MessageListView.swift */; };
		327F494C26DFAD6D004EE48D /* MessageCell.swift in Sources */ = {isa = PBXBuildFile; fileRef = 327F494B26DFAD6D004EE48D /* MessageCell.swift */; };
		327F494F26DFAED1004EE48D /* URLImageViewModel.swift in Sources */ = {isa = PBXBuildFile; fileRef = 327F494E26DFAED1004EE48D /* URLImageViewModel.swift */; };
		327F495126DFB0D2004EE48D /* Message.swift in Sources */ = {isa = PBXBuildFile; fileRef = 327F495026DFB0D2004EE48D /* Message.swift */; };
		327F495426DFB68F004EE48D /* User.swift in Sources */ = {isa = PBXBuildFile; fileRef = 327F495326DFB68F004EE48D /* User.swift */; };
		327F495626E1121F004EE48D /* AnoMessageView.swift in Sources */ = {isa = PBXBuildFile; fileRef = 327F495526E1121F004EE48D /* AnoMessageView.swift */; };
		327F495A26E1BD4C004EE48D /* MessageDetailViewController.swift in Sources */ = {isa = PBXBuildFile; fileRef = 327F495926E1BD4C004EE48D /* MessageDetailViewController.swift */; };
		327F495C26E1BD58004EE48D /* MessageDetailView.swift in Sources */ = {isa = PBXBuildFile; fileRef = 327F495B26E1BD58004EE48D /* MessageDetailView.swift */; };
		327F496026E1BF4D004EE48D /* FlippedUpsideDown.swift in Sources */ = {isa = PBXBuildFile; fileRef = 327F495F26E1BF4D004EE48D /* FlippedUpsideDown.swift */; };
		327F496226E1C09D004EE48D /* MessageDetailCell.swift in Sources */ = {isa = PBXBuildFile; fileRef = 327F496126E1C09D004EE48D /* MessageDetailCell.swift */; };
		327F496526E1C134004EE48D /* MessageDetailBubble.swift in Sources */ = {isa = PBXBuildFile; fileRef = 327F496426E1C134004EE48D /* MessageDetailBubble.swift */; };
		327F496826E24459004EE48D /* RegisterTopView.swift in Sources */ = {isa = PBXBuildFile; fileRef = 327F496726E24458004EE48D /* RegisterTopView.swift */; };
		327F496A26E24FC9004EE48D /* RegisterTopViewController.swift in Sources */ = {isa = PBXBuildFile; fileRef = 327F496926E24FC9004EE48D /* RegisterTopViewController.swift */; };
		327F496C26E32E29004EE48D /* RegisterUserInformationViewController.swift in Sources */ = {isa = PBXBuildFile; fileRef = 327F496B26E32E29004EE48D /* RegisterUserInformationViewController.swift */; };
		327F496E26E32E54004EE48D /* RegisterUserInformationView.swift in Sources */ = {isa = PBXBuildFile; fileRef = 327F496D26E32E54004EE48D /* RegisterUserInformationView.swift */; };
		327F497026E33B4F004EE48D /* CustomTextField.swift in Sources */ = {isa = PBXBuildFile; fileRef = 327F496F26E33B4F004EE48D /* CustomTextField.swift */; };
		327F497426E393F1004EE48D /* Extension.swift in Sources */ = {isa = PBXBuildFile; fileRef = 327F497326E393F1004EE48D /* Extension.swift */; };
		327F499526E4875F004EE48D /* RegisterUserImageView.swift in Sources */ = {isa = PBXBuildFile; fileRef = 327F499426E4875F004EE48D /* RegisterUserImageView.swift */; };
		327F499726E49A7B004EE48D /* RegisterUserImageViewController.swift in Sources */ = {isa = PBXBuildFile; fileRef = 327F499626E49A7A004EE48D /* RegisterUserImageViewController.swift */; };
/* End PBXBuildFile section */

/* Begin PBXFileReference section */
		327F486E26D9D426004EE48D /* SitsumonHako.app */ = {isa = PBXFileReference; explicitFileType = wrapper.application; includeInIndex = 0; path = SitsumonHako.app; sourceTree = BUILT_PRODUCTS_DIR; };
		327F487126D9D426004EE48D /* AppDelegate.swift */ = {isa = PBXFileReference; lastKnownFileType = sourcecode.swift; path = AppDelegate.swift; sourceTree = "<group>"; };
		327F487326D9D426004EE48D /* SceneDelegate.swift */ = {isa = PBXFileReference; lastKnownFileType = sourcecode.swift; path = SceneDelegate.swift; sourceTree = "<group>"; };
		327F487A26D9D428004EE48D /* Assets.xcassets */ = {isa = PBXFileReference; lastKnownFileType = folder.assetcatalog; path = Assets.xcassets; sourceTree = "<group>"; };
		327F487D26D9D428004EE48D /* Base */ = {isa = PBXFileReference; lastKnownFileType = file.storyboard; name = Base; path = Base.lproj/LaunchScreen.storyboard; sourceTree = "<group>"; };
		327F487F26D9D428004EE48D /* Info.plist */ = {isa = PBXFileReference; lastKnownFileType = text.plist.xml; path = Info.plist; sourceTree = "<group>"; };
		327F493226DF76D2004EE48D /* MainTabController.swift */ = {isa = PBXFileReference; lastKnownFileType = sourcecode.swift; path = MainTabController.swift; sourceTree = "<group>"; };
		327F493826DF7FA7004EE48D /* MessageListViewController.swift */ = {isa = PBXFileReference; fileEncoding = 4; lastKnownFileType = sourcecode.swift; path = MessageListViewController.swift; sourceTree = "<group>"; };
		327F493A26DF7FAF004EE48D /* AnoMessageViewController.swift */ = {isa = PBXFileReference; fileEncoding = 4; lastKnownFileType = sourcecode.swift; path = AnoMessageViewController.swift; sourceTree = "<group>"; };
		327F493C26DF7FBB004EE48D /* ProfileViewController.swift */ = {isa = PBXFileReference; fileEncoding = 4; lastKnownFileType = sourcecode.swift; path = ProfileViewController.swift; sourceTree = "<group>"; };
		327F494826DFA90A004EE48D /* MessageListView.swift */ = {isa = PBXFileReference; lastKnownFileType = sourcecode.swift; path = MessageListView.swift; sourceTree = "<group>"; };
		327F494B26DFAD6D004EE48D /* MessageCell.swift */ = {isa = PBXFileReference; lastKnownFileType = sourcecode.swift; path = MessageCell.swift; sourceTree = "<group>"; };
		327F494E26DFAED1004EE48D /* URLImageViewModel.swift */ = {isa = PBXFileReference; lastKnownFileType = sourcecode.swift; path = URLImageViewModel.swift; sourceTree = "<group>"; };
		327F495026DFB0D2004EE48D /* Message.swift */ = {isa = PBXFileReference; lastKnownFileType = sourcecode.swift; path = Message.swift; sourceTree = "<group>"; };
		327F495326DFB68F004EE48D /* User.swift */ = {isa = PBXFileReference; lastKnownFileType = sourcecode.swift; path = User.swift; sourceTree = "<group>"; };
		327F495526E1121F004EE48D /* AnoMessageView.swift */ = {isa = PBXFileReference; lastKnownFileType = sourcecode.swift; path = AnoMessageView.swift; sourceTree = "<group>"; };
		327F495926E1BD4C004EE48D /* MessageDetailViewController.swift */ = {isa = PBXFileReference; lastKnownFileType = sourcecode.swift; path = MessageDetailViewController.swift; sourceTree = "<group>"; };
		327F495B26E1BD58004EE48D /* MessageDetailView.swift */ = {isa = PBXFileReference; lastKnownFileType = sourcecode.swift; path = MessageDetailView.swift; sourceTree = "<group>"; };
		327F495F26E1BF4D004EE48D /* FlippedUpsideDown.swift */ = {isa = PBXFileReference; lastKnownFileType = sourcecode.swift; path = FlippedUpsideDown.swift; sourceTree = "<group>"; };
		327F496126E1C09D004EE48D /* MessageDetailCell.swift */ = {isa = PBXFileReference; lastKnownFileType = sourcecode.swift; path = MessageDetailCell.swift; sourceTree = "<group>"; };
		327F496426E1C134004EE48D /* MessageDetailBubble.swift */ = {isa = PBXFileReference; lastKnownFileType = sourcecode.swift; path = MessageDetailBubble.swift; sourceTree = "<group>"; };
		327F496726E24458004EE48D /* RegisterTopView.swift */ = {isa = PBXFileReference; lastKnownFileType = sourcecode.swift; path = RegisterTopView.swift; sourceTree = "<group>"; };
		327F496926E24FC9004EE48D /* RegisterTopViewController.swift */ = {isa = PBXFileReference; lastKnownFileType = sourcecode.swift; path = RegisterTopViewController.swift; sourceTree = "<group>"; };
		327F496B26E32E29004EE48D /* RegisterUserInformationViewController.swift */ = {isa = PBXFileReference; lastKnownFileType = sourcecode.swift; path = RegisterUserInformationViewController.swift; sourceTree = "<group>"; };
		327F496D26E32E54004EE48D /* RegisterUserInformationView.swift */ = {isa = PBXFileReference; lastKnownFileType = sourcecode.swift; path = RegisterUserInformationView.swift; sourceTree = "<group>"; };
		327F496F26E33B4F004EE48D /* CustomTextField.swift */ = {isa = PBXFileReference; lastKnownFileType = sourcecode.swift; path = CustomTextField.swift; sourceTree = "<group>"; };
		327F497326E393F1004EE48D /* Extension.swift */ = {isa = PBXFileReference; lastKnownFileType = sourcecode.swift; path = Extension.swift; sourceTree = "<group>"; };
		327F499426E4875F004EE48D /* RegisterUserImageView.swift */ = {isa = PBXFileReference; lastKnownFileType = sourcecode.swift; path = RegisterUserImageView.swift; sourceTree = "<group>"; };
		327F499626E49A7A004EE48D /* RegisterUserImageViewController.swift */ = {isa = PBXFileReference; lastKnownFileType = sourcecode.swift; path = RegisterUserImageViewController.swift; sourceTree = "<group>"; };
/* End PBXFileReference section */

/* Begin PBXFrameworksBuildPhase section */
		327F486B26D9D426004EE48D /* Frameworks */ = {
			isa = PBXFrameworksBuildPhase;
			buildActionMask = 2147483647;
			files = (
			);
			runOnlyForDeploymentPostprocessing = 0;
		};
/* End PBXFrameworksBuildPhase section */

/* Begin PBXGroup section */
		327F486526D9D426004EE48D = {
			isa = PBXGroup;
			children = (
				327F487026D9D426004EE48D /* SitsumonHako */,
				327F486F26D9D426004EE48D /* Products */,
			);
			sourceTree = "<group>";
		};
		327F486F26D9D426004EE48D /* Products */ = {
			isa = PBXGroup;
			children = (
				327F486E26D9D426004EE48D /* SitsumonHako.app */,
			);
			name = Products;
			sourceTree = "<group>";
		};
		327F487026D9D426004EE48D /* SitsumonHako */ = {
			isa = PBXGroup;
			children = (
				327F496626E24412004EE48D /* Register */,
				327F495D26E1BEE2004EE48D /* Util */,
				327F495826E1BCE5004EE48D /* MessageDetail */,
				327F495226DFB677004EE48D /* Model */,
				327F494A26DFAD57004EE48D /* UI */,
				327F493626DF7F6F004EE48D /* MessageList */,
				327F493426DF7F2E004EE48D /* AnoMessage */,
				327F493726DF7F78004EE48D /* Profile */,
				327F487126D9D426004EE48D /* AppDelegate.swift */,
				327F487326D9D426004EE48D /* SceneDelegate.swift */,
				327F493226DF76D2004EE48D /* MainTabController.swift */,
				327F487A26D9D428004EE48D /* Assets.xcassets */,
				327F487C26D9D428004EE48D /* LaunchScreen.storyboard */,
				327F487F26D9D428004EE48D /* Info.plist */,
			);
			path = SitsumonHako;
			sourceTree = "<group>";
		};
		327F493426DF7F2E004EE48D /* AnoMessage */ = {
			isa = PBXGroup;
			children = (
				327F493A26DF7FAF004EE48D /* AnoMessageViewController.swift */,
				327F495526E1121F004EE48D /* AnoMessageView.swift */,
			);
			path = AnoMessage;
			sourceTree = "<group>";
		};
		327F493626DF7F6F004EE48D /* MessageList */ = {
			isa = PBXGroup;
			children = (
				327F493826DF7FA7004EE48D /* MessageListViewController.swift */,
				327F494826DFA90A004EE48D /* MessageListView.swift */,
			);
			path = MessageList;
			sourceTree = "<group>";
		};
		327F493726DF7F78004EE48D /* Profile */ = {
			isa = PBXGroup;
			children = (
				327F493C26DF7FBB004EE48D /* ProfileViewController.swift */,
			);
			path = Profile;
			sourceTree = "<group>";
		};
		327F494A26DFAD57004EE48D /* UI */ = {
			isa = PBXGroup;
			children = (
				327F494B26DFAD6D004EE48D /* MessageCell.swift */,
				327F496126E1C09D004EE48D /* MessageDetailCell.swift */,
				327F496426E1C134004EE48D /* MessageDetailBubble.swift */,
				327F496F26E33B4F004EE48D /* CustomTextField.swift */,
			);
			path = UI;
			sourceTree = "<group>";
		};
		327F495226DFB677004EE48D /* Model */ = {
			isa = PBXGroup;
			children = (
				327F495026DFB0D2004EE48D /* Message.swift */,
				327F495326DFB68F004EE48D /* User.swift */,
			);
			path = Model;
			sourceTree = "<group>";
		};
		327F495826E1BCE5004EE48D /* MessageDetail */ = {
			isa = PBXGroup;
			children = (
				327F495926E1BD4C004EE48D /* MessageDetailViewController.swift */,
				327F495B26E1BD58004EE48D /* MessageDetailView.swift */,
			);
			path = MessageDetail;
			sourceTree = "<group>";
		};
		327F495D26E1BEE2004EE48D /* Util */ = {
			isa = PBXGroup;
			children = (
				327F494E26DFAED1004EE48D /* URLImageViewModel.swift */,
				327F495F26E1BF4D004EE48D /* FlippedUpsideDown.swift */,
				327F497326E393F1004EE48D /* Extension.swift */,
			);
			path = Util;
			sourceTree = "<group>";
		};
		327F496626E24412004EE48D /* Register */ = {
			isa = PBXGroup;
			children = (
				327F496726E24458004EE48D /* RegisterTopView.swift */,
				327F496926E24FC9004EE48D /* RegisterTopViewController.swift */,
				327F496B26E32E29004EE48D /* RegisterUserInformationViewController.swift */,
				327F496D26E32E54004EE48D /* RegisterUserInformationView.swift */,
				327F499426E4875F004EE48D /* RegisterUserImageView.swift */,
				327F499626E49A7A004EE48D /* RegisterUserImageViewController.swift */,
			);
			path = Register;
			sourceTree = "<group>";
		};
/* End PBXGroup section */

/* Begin PBXNativeTarget section */
		327F486D26D9D426004EE48D /* SitsumonHako */ = {
			isa = PBXNativeTarget;
			buildConfigurationList = 327F488226D9D428004EE48D /* Build configuration list for PBXNativeTarget "SitsumonHako" */;
			buildPhases = (
				327F486A26D9D426004EE48D /* Sources */,
				327F486B26D9D426004EE48D /* Frameworks */,
				327F486C26D9D426004EE48D /* Resources */,
			);
			buildRules = (
			);
			dependencies = (
			);
			name = SitsumonHako;
			productName = SitsumonHako;
			productReference = 327F486E26D9D426004EE48D /* SitsumonHako.app */;
			productType = "com.apple.product-type.application";
		};
/* End PBXNativeTarget section */

/* Begin PBXProject section */
		327F486626D9D426004EE48D /* Project object */ = {
			isa = PBXProject;
			attributes = {
				LastSwiftUpdateCheck = 1250;
				LastUpgradeCheck = 1250;
				TargetAttributes = {
					327F486D26D9D426004EE48D = {
						CreatedOnToolsVersion = 12.5.1;
					};
				};
			};
			buildConfigurationList = 327F486926D9D426004EE48D /* Build configuration list for PBXProject "SitsumonHako" */;
			compatibilityVersion = "Xcode 9.3";
			developmentRegion = en;
			hasScannedForEncodings = 0;
			knownRegions = (
				en,
				Base,
			);
			mainGroup = 327F486526D9D426004EE48D;
			productRefGroup = 327F486F26D9D426004EE48D /* Products */;
			projectDirPath = "";
			projectRoot = "";
			targets = (
				327F486D26D9D426004EE48D /* SitsumonHako */,
			);
		};
/* End PBXProject section */

/* Begin PBXResourcesBuildPhase section */
		327F486C26D9D426004EE48D /* Resources */ = {
			isa = PBXResourcesBuildPhase;
			buildActionMask = 2147483647;
			files = (
				327F487E26D9D428004EE48D /* LaunchScreen.storyboard in Resources */,
				327F487B26D9D428004EE48D /* Assets.xcassets in Resources */,
			);
			runOnlyForDeploymentPostprocessing = 0;
		};
/* End PBXResourcesBuildPhase section */

/* Begin PBXSourcesBuildPhase section */
		327F486A26D9D426004EE48D /* Sources */ = {
			isa = PBXSourcesBuildPhase;
			buildActionMask = 2147483647;
			files = (
				327F497426E393F1004EE48D /* Extension.swift in Sources */,
				327F495426DFB68F004EE48D /* User.swift in Sources */,
				327F495A26E1BD4C004EE48D /* MessageDetailViewController.swift in Sources */,
				327F494C26DFAD6D004EE48D /* MessageCell.swift in Sources */,
				327F496C26E32E29004EE48D /* RegisterUserInformationViewController.swift in Sources */,
				327F493926DF7FA7004EE48D /* MessageListViewController.swift in Sources */,
				327F495626E1121F004EE48D /* AnoMessageView.swift in Sources */,
				327F496A26E24FC9004EE48D /* RegisterTopViewController.swift in Sources */,
				327F494926DFA90A004EE48D /* MessageListView.swift in Sources */,
				327F496026E1BF4D004EE48D /* FlippedUpsideDown.swift in Sources */,
				327F493D26DF7FBB004EE48D /* ProfileViewController.swift in Sources */,
				327F493326DF76D2004EE48D /* MainTabController.swift in Sources */,
				327F496826E24459004EE48D /* RegisterTopView.swift in Sources */,
				327F497026E33B4F004EE48D /* CustomTextField.swift in Sources */,
				327F495C26E1BD58004EE48D /* MessageDetailView.swift in Sources */,
				327F499726E49A7B004EE48D /* RegisterUserImageViewController.swift in Sources */,
				327F496E26E32E54004EE48D /* RegisterUserInformationView.swift in Sources */,
				327F499526E4875F004EE48D /* RegisterUserImageView.swift in Sources */,
				327F496226E1C09D004EE48D /* MessageDetailCell.swift in Sources */,
				327F493B26DF7FAF004EE48D /* AnoMessageViewController.swift in Sources */,
				327F487226D9D426004EE48D /* AppDelegate.swift in Sources */,
				327F496526E1C134004EE48D /* MessageDetailBubble.swift in Sources */,
				327F495126DFB0D2004EE48D /* Message.swift in Sources */,
				327F494F26DFAED1004EE48D /* URLImageViewModel.swift in Sources */,
				327F487426D9D426004EE48D /* SceneDelegate.swift in Sources */,
			);
			runOnlyForDeploymentPostprocessing = 0;
		};
/* End PBXSourcesBuildPhase section */

/* Begin PBXVariantGroup section */
		327F487C26D9D428004EE48D /* LaunchScreen.storyboard */ = {
			isa = PBXVariantGroup;
			children = (
				327F487D26D9D428004EE48D /* Base */,
			);
			name = LaunchScreen.storyboard;
			sourceTree = "<group>";
		};
/* End PBXVariantGroup section */

/* Begin XCBuildConfiguration section */
		327F488026D9D428004EE48D /* Debug */ = {
			isa = XCBuildConfiguration;
			buildSettings = {
				ALWAYS_SEARCH_USER_PATHS = NO;
				CLANG_ANALYZER_NONNULL = YES;
				CLANG_ANALYZER_NUMBER_OBJECT_CONVERSION = YES_AGGRESSIVE;
				CLANG_CXX_LANGUAGE_STANDARD = "gnu++14";
				CLANG_CXX_LIBRARY = "libc++";
				CLANG_ENABLE_MODULES = YES;
				CLANG_ENABLE_OBJC_ARC = YES;
				CLANG_ENABLE_OBJC_WEAK = YES;
				CLANG_WARN_BLOCK_CAPTURE_AUTORELEASING = YES;
				CLANG_WARN_BOOL_CONVERSION = YES;
				CLANG_WARN_COMMA = YES;
				CLANG_WARN_CONSTANT_CONVERSION = YES;
				CLANG_WARN_DEPRECATED_OBJC_IMPLEMENTATIONS = YES;
				CLANG_WARN_DIRECT_OBJC_ISA_USAGE = YES_ERROR;
				CLANG_WARN_DOCUMENTATION_COMMENTS = YES;
				CLANG_WARN_EMPTY_BODY = YES;
				CLANG_WARN_ENUM_CONVERSION = YES;
				CLANG_WARN_INFINITE_RECURSION = YES;
				CLANG_WARN_INT_CONVERSION = YES;
				CLANG_WARN_NON_LITERAL_NULL_CONVERSION = YES;
				CLANG_WARN_OBJC_IMPLICIT_RETAIN_SELF = YES;
				CLANG_WARN_OBJC_LITERAL_CONVERSION = YES;
				CLANG_WARN_OBJC_ROOT_CLASS = YES_ERROR;
				CLANG_WARN_QUOTED_INCLUDE_IN_FRAMEWORK_HEADER = YES;
				CLANG_WARN_RANGE_LOOP_ANALYSIS = YES;
				CLANG_WARN_STRICT_PROTOTYPES = YES;
				CLANG_WARN_SUSPICIOUS_MOVE = YES;
				CLANG_WARN_UNGUARDED_AVAILABILITY = YES_AGGRESSIVE;
				CLANG_WARN_UNREACHABLE_CODE = YES;
				CLANG_WARN__DUPLICATE_METHOD_MATCH = YES;
				COPY_PHASE_STRIP = NO;
				DEBUG_INFORMATION_FORMAT = dwarf;
				ENABLE_STRICT_OBJC_MSGSEND = YES;
				ENABLE_TESTABILITY = YES;
				GCC_C_LANGUAGE_STANDARD = gnu11;
				GCC_DYNAMIC_NO_PIC = NO;
				GCC_NO_COMMON_BLOCKS = YES;
				GCC_OPTIMIZATION_LEVEL = 0;
				GCC_PREPROCESSOR_DEFINITIONS = (
					"DEBUG=1",
					"$(inherited)",
				);
				GCC_WARN_64_TO_32_BIT_CONVERSION = YES;
				GCC_WARN_ABOUT_RETURN_TYPE = YES_ERROR;
				GCC_WARN_UNDECLARED_SELECTOR = YES;
				GCC_WARN_UNINITIALIZED_AUTOS = YES_AGGRESSIVE;
				GCC_WARN_UNUSED_FUNCTION = YES;
				GCC_WARN_UNUSED_VARIABLE = YES;
				IPHONEOS_DEPLOYMENT_TARGET = 14.5;
				MTL_ENABLE_DEBUG_INFO = INCLUDE_SOURCE;
				MTL_FAST_MATH = YES;
				ONLY_ACTIVE_ARCH = YES;
				SDKROOT = iphoneos;
				SWIFT_ACTIVE_COMPILATION_CONDITIONS = DEBUG;
				SWIFT_OPTIMIZATION_LEVEL = "-Onone";
			};
			name = Debug;
		};
		327F488126D9D428004EE48D /* Release */ = {
			isa = XCBuildConfiguration;
			buildSettings = {
				ALWAYS_SEARCH_USER_PATHS = NO;
				CLANG_ANALYZER_NONNULL = YES;
				CLANG_ANALYZER_NUMBER_OBJECT_CONVERSION = YES_AGGRESSIVE;
				CLANG_CXX_LANGUAGE_STANDARD = "gnu++14";
				CLANG_CXX_LIBRARY = "libc++";
				CLANG_ENABLE_MODULES = YES;
				CLANG_ENABLE_OBJC_ARC = YES;
				CLANG_ENABLE_OBJC_WEAK = YES;
				CLANG_WARN_BLOCK_CAPTURE_AUTORELEASING = YES;
				CLANG_WARN_BOOL_CONVERSION = YES;
				CLANG_WARN_COMMA = YES;
				CLANG_WARN_CONSTANT_CONVERSION = YES;
				CLANG_WARN_DEPRECATED_OBJC_IMPLEMENTATIONS = YES;
				CLANG_WARN_DIRECT_OBJC_ISA_USAGE = YES_ERROR;
				CLANG_WARN_DOCUMENTATION_COMMENTS = YES;
				CLANG_WARN_EMPTY_BODY = YES;
				CLANG_WARN_ENUM_CONVERSION = YES;
				CLANG_WARN_INFINITE_RECURSION = YES;
				CLANG_WARN_INT_CONVERSION = YES;
				CLANG_WARN_NON_LITERAL_NULL_CONVERSION = YES;
				CLANG_WARN_OBJC_IMPLICIT_RETAIN_SELF = YES;
				CLANG_WARN_OBJC_LITERAL_CONVERSION = YES;
				CLANG_WARN_OBJC_ROOT_CLASS = YES_ERROR;
				CLANG_WARN_QUOTED_INCLUDE_IN_FRAMEWORK_HEADER = YES;
				CLANG_WARN_RANGE_LOOP_ANALYSIS = YES;
				CLANG_WARN_STRICT_PROTOTYPES = YES;
				CLANG_WARN_SUSPICIOUS_MOVE = YES;
				CLANG_WARN_UNGUARDED_AVAILABILITY = YES_AGGRESSIVE;
				CLANG_WARN_UNREACHABLE_CODE = YES;
				CLANG_WARN__DUPLICATE_METHOD_MATCH = YES;
				COPY_PHASE_STRIP = NO;
				DEBUG_INFORMATION_FORMAT = "dwarf-with-dsym";
				ENABLE_NS_ASSERTIONS = NO;
				ENABLE_STRICT_OBJC_MSGSEND = YES;
				GCC_C_LANGUAGE_STANDARD = gnu11;
				GCC_NO_COMMON_BLOCKS = YES;
				GCC_WARN_64_TO_32_BIT_CONVERSION = YES;
				GCC_WARN_ABOUT_RETURN_TYPE = YES_ERROR;
				GCC_WARN_UNDECLARED_SELECTOR = YES;
				GCC_WARN_UNINITIALIZED_AUTOS = YES_AGGRESSIVE;
				GCC_WARN_UNUSED_FUNCTION = YES;
				GCC_WARN_UNUSED_VARIABLE = YES;
				IPHONEOS_DEPLOYMENT_TARGET = 14.5;
				MTL_ENABLE_DEBUG_INFO = NO;
				MTL_FAST_MATH = YES;
				SDKROOT = iphoneos;
				SWIFT_COMPILATION_MODE = wholemodule;
				SWIFT_OPTIMIZATION_LEVEL = "-O";
				VALIDATE_PRODUCT = YES;
			};
			name = Release;
		};
		327F488326D9D428004EE48D /* Debug */ = {
			isa = XCBuildConfiguration;
			buildSettings = {
				ASSETCATALOG_COMPILER_APPICON_NAME = AppIcon;
				ASSETCATALOG_COMPILER_GLOBAL_ACCENT_COLOR_NAME = AccentColor;
				CODE_SIGN_STYLE = Automatic;
				DEVELOPMENT_TEAM = SKJY67BD55;
				INFOPLIST_FILE = SitsumonHako/Info.plist;
				LD_RUNPATH_SEARCH_PATHS = (
					"$(inherited)",
					"@executable_path/Frameworks",
				);
				PRODUCT_BUNDLE_IDENTIFIER = "com.rikuya-shiraishi.SitsumonHako";
				PRODUCT_NAME = "$(TARGET_NAME)";
				SWIFT_VERSION = 5.0;
				TARGETED_DEVICE_FAMILY = "1,2";
			};
			name = Debug;
		};
		327F488426D9D428004EE48D /* Release */ = {
			isa = XCBuildConfiguration;
			buildSettings = {
				ASSETCATALOG_COMPILER_APPICON_NAME = AppIcon;
				ASSETCATALOG_COMPILER_GLOBAL_ACCENT_COLOR_NAME = AccentColor;
				CODE_SIGN_STYLE = Automatic;
				DEVELOPMENT_TEAM = SKJY67BD55;
				INFOPLIST_FILE = SitsumonHako/Info.plist;
				LD_RUNPATH_SEARCH_PATHS = (
					"$(inherited)",
					"@executable_path/Frameworks",
				);
				PRODUCT_BUNDLE_IDENTIFIER = "com.rikuya-shiraishi.SitsumonHako";
				PRODUCT_NAME = "$(TARGET_NAME)";
				SWIFT_VERSION = 5.0;
				TARGETED_DEVICE_FAMILY = "1,2";
			};
			name = Release;
		};
/* End XCBuildConfiguration section */

/* Begin XCConfigurationList section */
		327F486926D9D426004EE48D /* Build configuration list for PBXProject "SitsumonHako" */ = {
			isa = XCConfigurationList;
			buildConfigurations = (
				327F488026D9D428004EE48D /* Debug */,
				327F488126D9D428004EE48D /* Release */,
			);
			defaultConfigurationIsVisible = 0;
			defaultConfigurationName = Release;
		};
		327F488226D9D428004EE48D /* Build configuration list for PBXNativeTarget "SitsumonHako" */ = {
			isa = XCConfigurationList;
			buildConfigurations = (
				327F488326D9D428004EE48D /* Debug */,
				327F488426D9D428004EE48D /* Release */,
			);
			defaultConfigurationIsVisible = 0;
			defaultConfigurationName = Release;
		};
/* End XCConfigurationList section */
	};
	rootObject = 327F486626D9D426004EE48D /* Project object */;
}
